// !$*UTF8*$!
{
	archiveVersion = 1;
	classes = {
	};
	objectVersion = 46;
	objects = {

/* Begin PBXBuildFile section */
		9E0F7AD51CD614E600957DA5 /* AppDelegate.swift in Sources */ = {isa = PBXBuildFile; fileRef = 9E0F7AD41CD614E600957DA5 /* AppDelegate.swift */; };
		9E0F7AD71CD614E600957DA5 /* GameScene.sks in Resources */ = {isa = PBXBuildFile; fileRef = 9E0F7AD61CD614E600957DA5 /* GameScene.sks */; };
		9E0F7AD91CD614E600957DA5 /* GameScene.swift in Sources */ = {isa = PBXBuildFile; fileRef = 9E0F7AD81CD614E600957DA5 /* GameScene.swift */; };
		9E0F7ADB1CD614E600957DA5 /* GameViewController.swift in Sources */ = {isa = PBXBuildFile; fileRef = 9E0F7ADA1CD614E600957DA5 /* GameViewController.swift */; };
		9E0F7ADE1CD614E600957DA5 /* Main.storyboard in Resources */ = {isa = PBXBuildFile; fileRef = 9E0F7ADC1CD614E600957DA5 /* Main.storyboard */; };
		9E0F7AE01CD614E600957DA5 /* Assets.xcassets in Resources */ = {isa = PBXBuildFile; fileRef = 9E0F7ADF1CD614E600957DA5 /* Assets.xcassets */; };
		9E0F7AE31CD614E600957DA5 /* LaunchScreen.storyboard in Resources */ = {isa = PBXBuildFile; fileRef = 9E0F7AE11CD614E600957DA5 /* LaunchScreen.storyboard */; };
		9E0F7AEE1CD614E600957DA5 /* PulseTests.swift in Sources */ = {isa = PBXBuildFile; fileRef = 9E0F7AED1CD614E600957DA5 /* PulseTests.swift */; };
		9E0F7AF91CD614E600957DA5 /* PulseUITests.swift in Sources */ = {isa = PBXBuildFile; fileRef = 9E0F7AF81CD614E600957DA5 /* PulseUITests.swift */; };
/* End PBXBuildFile section */

/* Begin PBXContainerItemProxy section */
		9E0F7AEA1CD614E600957DA5 /* PBXContainerItemProxy */ = {
			isa = PBXContainerItemProxy;
			containerPortal = 9E0F7AC91CD614E600957DA5 /* Project object */;
			proxyType = 1;
			remoteGlobalIDString = 9E0F7AD01CD614E600957DA5;
			remoteInfo = Pulse;
		};
		9E0F7AF51CD614E600957DA5 /* PBXContainerItemProxy */ = {
			isa = PBXContainerItemProxy;
			containerPortal = 9E0F7AC91CD614E600957DA5 /* Project object */;
			proxyType = 1;
			remoteGlobalIDString = 9E0F7AD01CD614E600957DA5;
			remoteInfo = Pulse;
		};
/* End PBXContainerItemProxy section */

/* Begin PBXFileReference section */
		9E0F7AD11CD614E600957DA5 /* Pulse.app */ = {isa = PBXFileReference; explicitFileType = wrapper.application; includeInIndex = 0; path = Pulse.app; sourceTree = BUILT_PRODUCTS_DIR; };
		9E0F7AD41CD614E600957DA5 /* AppDelegate.swift */ = {isa = PBXFileReference; lastKnownFileType = sourcecode.swift; path = AppDelegate.swift; sourceTree = "<group>"; };
		9E0F7AD61CD614E600957DA5 /* GameScene.sks */ = {isa = PBXFileReference; lastKnownFileType = file.sks; path = GameScene.sks; sourceTree = "<group>"; };
		9E0F7AD81CD614E600957DA5 /* GameScene.swift */ = {isa = PBXFileReference; lastKnownFileType = sourcecode.swift; path = GameScene.swift; sourceTree = "<group>"; };
		9E0F7ADA1CD614E600957DA5 /* GameViewController.swift */ = {isa = PBXFileReference; lastKnownFileType = sourcecode.swift; path = GameViewController.swift; sourceTree = "<group>"; };
		9E0F7ADD1CD614E600957DA5 /* Base */ = {isa = PBXFileReference; lastKnownFileType = file.storyboard; name = Base; path = Base.lproj/Main.storyboard; sourceTree = "<group>"; };
		9E0F7ADF1CD614E600957DA5 /* Assets.xcassets */ = {isa = PBXFileReference; lastKnownFileType = folder.assetcatalog; path = Assets.xcassets; sourceTree = "<group>"; };
		9E0F7AE21CD614E600957DA5 /* Base */ = {isa = PBXFileReference; lastKnownFileType = file.storyboard; name = Base; path = Base.lproj/LaunchScreen.storyboard; sourceTree = "<group>"; };
		9E0F7AE41CD614E600957DA5 /* Info.plist */ = {isa = PBXFileReference; lastKnownFileType = text.plist.xml; path = Info.plist; sourceTree = "<group>"; };
		9E0F7AE91CD614E600957DA5 /* PulseTests.xctest */ = {isa = PBXFileReference; explicitFileType = wrapper.cfbundle; includeInIndex = 0; path = PulseTests.xctest; sourceTree = BUILT_PRODUCTS_DIR; };
		9E0F7AED1CD614E600957DA5 /* PulseTests.swift */ = {isa = PBXFileReference; lastKnownFileType = sourcecode.swift; path = PulseTests.swift; sourceTree = "<group>"; };
		9E0F7AEF1CD614E600957DA5 /* Info.plist */ = {isa = PBXFileReference; lastKnownFileType = text.plist.xml; path = Info.plist; sourceTree = "<group>"; };
		9E0F7AF41CD614E600957DA5 /* PulseUITests.xctest */ = {isa = PBXFileReference; explicitFileType = wrapper.cfbundle; includeInIndex = 0; path = PulseUITests.xctest; sourceTree = BUILT_PRODUCTS_DIR; };
		9E0F7AF81CD614E600957DA5 /* PulseUITests.swift */ = {isa = PBXFileReference; lastKnownFileType = sourcecode.swift; path = PulseUITests.swift; sourceTree = "<group>"; };
		9E0F7AFA1CD614E600957DA5 /* Info.plist */ = {isa = PBXFileReference; lastKnownFileType = text.plist.xml; path = Info.plist; sourceTree = "<group>"; };
/* End PBXFileReference section */

/* Begin PBXFrameworksBuildPhase section */
		9E0F7ACE1CD614E600957DA5 /* Frameworks */ = {
			isa = PBXFrameworksBuildPhase;
			buildActionMask = 2147483647;
			files = (
			);
			runOnlyForDeploymentPostprocessing = 0;
		};
		9E0F7AE61CD614E600957DA5 /* Frameworks */ = {
			isa = PBXFrameworksBuildPhase;
			buildActionMask = 2147483647;
			files = (
			);
			runOnlyForDeploymentPostprocessing = 0;
		};
		9E0F7AF11CD614E600957DA5 /* Frameworks */ = {
			isa = PBXFrameworksBuildPhase;
			buildActionMask = 2147483647;
			files = (
			);
			runOnlyForDeploymentPostprocessing = 0;
		};
/* End PBXFrameworksBuildPhase section */

/* Begin PBXGroup section */
		9E0F7AC81CD614E600957DA5 = {
			isa = PBXGroup;
			children = (
				9E0F7AD31CD614E600957DA5 /* Pulse */,
				9E0F7AEC1CD614E600957DA5 /* PulseTests */,
				9E0F7AF71CD614E600957DA5 /* PulseUITests */,
				9E0F7AD21CD614E600957DA5 /* Products */,
			);
			sourceTree = "<group>";
		};
		9E0F7AD21CD614E600957DA5 /* Products */ = {
			isa = PBXGroup;
			children = (
				9E0F7AD11CD614E600957DA5 /* Pulse.app */,
				9E0F7AE91CD614E600957DA5 /* PulseTests.xctest */,
				9E0F7AF41CD614E600957DA5 /* PulseUITests.xctest */,
			);
			name = Products;
			sourceTree = "<group>";
		};
		9E0F7AD31CD614E600957DA5 /* Pulse */ = {
			isa = PBXGroup;
			children = (
				9E0F7AD41CD614E600957DA5 /* AppDelegate.swift */,
				9E0F7AD61CD614E600957DA5 /* GameScene.sks */,
				9E0F7AD81CD614E600957DA5 /* GameScene.swift */,
				9E0F7ADA1CD614E600957DA5 /* GameViewController.swift */,
				9E0F7ADC1CD614E600957DA5 /* Main.storyboard */,
				9E0F7ADF1CD614E600957DA5 /* Assets.xcassets */,
				9E0F7AE11CD614E600957DA5 /* LaunchScreen.storyboard */,
				9E0F7AE41CD614E600957DA5 /* Info.plist */,
			);
			path = Pulse;
			sourceTree = "<group>";
		};
		9E0F7AEC1CD614E600957DA5 /* PulseTests */ = {
			isa = PBXGroup;
			children = (
				9E0F7AED1CD614E600957DA5 /* PulseTests.swift */,
				9E0F7AEF1CD614E600957DA5 /* Info.plist */,
			);
			path = PulseTests;
			sourceTree = "<group>";
		};
		9E0F7AF71CD614E600957DA5 /* PulseUITests */ = {
			isa = PBXGroup;
			children = (
				9E0F7AF81CD614E600957DA5 /* PulseUITests.swift */,
				9E0F7AFA1CD614E600957DA5 /* Info.plist */,
			);
			path = PulseUITests;
			sourceTree = "<group>";
		};
/* End PBXGroup section */

/* Begin PBXNativeTarget section */
		9E0F7AD01CD614E600957DA5 /* Pulse */ = {
			isa = PBXNativeTarget;
			buildConfigurationList = 9E0F7AFD1CD614E600957DA5 /* Build configuration list for PBXNativeTarget "Pulse" */;
			buildPhases = (
				9E0F7ACD1CD614E600957DA5 /* Sources */,
				9E0F7ACE1CD614E600957DA5 /* Frameworks */,
				9E0F7ACF1CD614E600957DA5 /* Resources */,
			);
			buildRules = (
			);
			dependencies = (
			);
			name = Pulse;
			productName = Pulse;
			productReference = 9E0F7AD11CD614E600957DA5 /* Pulse.app */;
			productType = "com.apple.product-type.application";
		};
		9E0F7AE81CD614E600957DA5 /* PulseTests */ = {
			isa = PBXNativeTarget;
			buildConfigurationList = 9E0F7B001CD614E600957DA5 /* Build configuration list for PBXNativeTarget "PulseTests" */;
			buildPhases = (
				9E0F7AE51CD614E600957DA5 /* Sources */,
				9E0F7AE61CD614E600957DA5 /* Frameworks */,
				9E0F7AE71CD614E600957DA5 /* Resources */,
			);
			buildRules = (
			);
			dependencies = (
				9E0F7AEB1CD614E600957DA5 /* PBXTargetDependency */,
			);
			name = PulseTests;
			productName = PulseTests;
			productReference = 9E0F7AE91CD614E600957DA5 /* PulseTests.xctest */;
			productType = "com.apple.product-type.bundle.unit-test";
		};
		9E0F7AF31CD614E600957DA5 /* PulseUITests */ = {
			isa = PBXNativeTarget;
			buildConfigurationList = 9E0F7B031CD614E600957DA5 /* Build configuration list for PBXNativeTarget "PulseUITests" */;
			buildPhases = (
				9E0F7AF01CD614E600957DA5 /* Sources */,
				9E0F7AF11CD614E600957DA5 /* Frameworks */,
				9E0F7AF21CD614E600957DA5 /* Resources */,
			);
			buildRules = (
			);
			dependencies = (
				9E0F7AF61CD614E600957DA5 /* PBXTargetDependency */,
			);
			name = PulseUITests;
			productName = PulseUITests;
			productReference = 9E0F7AF41CD614E600957DA5 /* PulseUITests.xctest */;
			productType = "com.apple.product-type.bundle.ui-testing";
		};
/* End PBXNativeTarget section */

/* Begin PBXProject section */
		9E0F7AC91CD614E600957DA5 /* Project object */ = {
			isa = PBXProject;
			attributes = {
				LastSwiftUpdateCheck = 0730;
				LastUpgradeCheck = 0730;
				ORGANIZATIONNAME = "Michael Nino Evensen";
				TargetAttributes = {
					9E0F7AD01CD614E600957DA5 = {
						CreatedOnToolsVersion = 7.3;
						DevelopmentTeam = 9CV8MBD695;
					};
					9E0F7AE81CD614E600957DA5 = {
						CreatedOnToolsVersion = 7.3;
						DevelopmentTeam = 9CV8MBD695;
						TestTargetID = 9E0F7AD01CD614E600957DA5;
					};
					9E0F7AF31CD614E600957DA5 = {
						CreatedOnToolsVersion = 7.3;
						DevelopmentTeam = 9CV8MBD695;
						TestTargetID = 9E0F7AD01CD614E600957DA5;
					};
				};
			};
			buildConfigurationList = 9E0F7ACC1CD614E600957DA5 /* Build configuration list for PBXProject "Pulse" */;
			compatibilityVersion = "Xcode 3.2";
			developmentRegion = English;
			hasScannedForEncodings = 0;
			knownRegions = (
				en,
				Base,
			);
			mainGroup = 9E0F7AC81CD614E600957DA5;
			productRefGroup = 9E0F7AD21CD614E600957DA5 /* Products */;
			projectDirPath = "";
			projectRoot = "";
			targets = (
				9E0F7AD01CD614E600957DA5 /* Pulse */,
				9E0F7AE81CD614E600957DA5 /* PulseTests */,
				9E0F7AF31CD614E600957DA5 /* PulseUITests */,
			);
		};
/* End PBXProject section */

/* Begin PBXResourcesBuildPhase section */
		9E0F7ACF1CD614E600957DA5 /* Resources */ = {
			isa = PBXResourcesBuildPhase;
			buildActionMask = 2147483647;
			files = (
				9E0F7AD71CD614E600957DA5 /* GameScene.sks in Resources */,
				9E0F7AE31CD614E600957DA5 /* LaunchScreen.storyboard in Resources */,
				9E0F7AE01CD614E600957DA5 /* Assets.xcassets in Resources */,
				9E0F7ADE1CD614E600957DA5 /* Main.storyboard in Resources */,
			);
			runOnlyForDeploymentPostprocessing = 0;
		};
		9E0F7AE71CD614E600957DA5 /* Resources */ = {
			isa = PBXResourcesBuildPhase;
			buildActionMask = 2147483647;
			files = (
			);
			runOnlyForDeploymentPostprocessing = 0;
		};
		9E0F7AF21CD614E600957DA5 /* Resources */ = {
			isa = PBXResourcesBuildPhase;
			buildActionMask = 2147483647;
			files = (
			);
			runOnlyForDeploymentPostprocessing = 0;
		};
/* End PBXResourcesBuildPhase section */

/* Begin PBXSourcesBuildPhase section */
		9E0F7ACD1CD614E600957DA5 /* Sources */ = {
			isa = PBXSourcesBuildPhase;
			buildActionMask = 2147483647;
			files = (
				9E0F7AD91CD614E600957DA5 /* GameScene.swift in Sources */,
				9E0F7ADB1CD614E600957DA5 /* GameViewController.swift in Sources */,
				9E0F7AD51CD614E600957DA5 /* AppDelegate.swift in Sources */,
			);
			runOnlyForDeploymentPostprocessing = 0;
		};
		9E0F7AE51CD614E600957DA5 /* Sources */ = {
			isa = PBXSourcesBuildPhase;
			buildActionMask = 2147483647;
			files = (
				9E0F7AEE1CD614E600957DA5 /* PulseTests.swift in Sources */,
			);
			runOnlyForDeploymentPostprocessing = 0;
		};
		9E0F7AF01CD614E600957DA5 /* Sources */ = {
			isa = PBXSourcesBuildPhase;
			buildActionMask = 2147483647;
			files = (
				9E0F7AF91CD614E600957DA5 /* PulseUITests.swift in Sources */,
			);
			runOnlyForDeploymentPostprocessing = 0;
		};
/* End PBXSourcesBuildPhase section */

/* Begin PBXTargetDependency section */
		9E0F7AEB1CD614E600957DA5 /* PBXTargetDependency */ = {
			isa = PBXTargetDependency;
			target = 9E0F7AD01CD614E600957DA5 /* Pulse */;
			targetProxy = 9E0F7AEA1CD614E600957DA5 /* PBXContainerItemProxy */;
		};
		9E0F7AF61CD614E600957DA5 /* PBXTargetDependency */ = {
			isa = PBXTargetDependency;
			target = 9E0F7AD01CD614E600957DA5 /* Pulse */;
			targetProxy = 9E0F7AF51CD614E600957DA5 /* PBXContainerItemProxy */;
		};
/* End PBXTargetDependency section */

/* Begin PBXVariantGroup section */
		9E0F7ADC1CD614E600957DA5 /* Main.storyboard */ = {
			isa = PBXVariantGroup;
			children = (
				9E0F7ADD1CD614E600957DA5 /* Base */,
			);
			name = Main.storyboard;
			sourceTree = "<group>";
		};
		9E0F7AE11CD614E600957DA5 /* LaunchScreen.storyboard */ = {
			isa = PBXVariantGroup;
			children = (
				9E0F7AE21CD614E600957DA5 /* Base */,
			);
			name = LaunchScreen.storyboard;
			sourceTree = "<group>";
		};
/* End PBXVariantGroup section */

/* Begin XCBuildConfiguration section */
		9E0F7AFB1CD614E600957DA5 /* Debug */ = {
			isa = XCBuildConfiguration;
			buildSettings = {
				ALWAYS_SEARCH_USER_PATHS = NO;
				CLANG_ANALYZER_NONNULL = YES;
				CLANG_CXX_LANGUAGE_STANDARD = "gnu++0x";
				CLANG_CXX_LIBRARY = "libc++";
				CLANG_ENABLE_MODULES = YES;
				CLANG_ENABLE_OBJC_ARC = YES;
				CLANG_WARN_BOOL_CONVERSION = YES;
				CLANG_WARN_CONSTANT_CONVERSION = YES;
				CLANG_WARN_DIRECT_OBJC_ISA_USAGE = YES_ERROR;
				CLANG_WARN_EMPTY_BODY = YES;
				CLANG_WARN_ENUM_CONVERSION = YES;
				CLANG_WARN_INT_CONVERSION = YES;
				CLANG_WARN_OBJC_ROOT_CLASS = YES_ERROR;
				CLANG_WARN_UNREACHABLE_CODE = YES;
				CLANG_WARN__DUPLICATE_METHOD_MATCH = YES;
				"CODE_SIGN_IDENTITY[sdk=iphoneos*]" = "iPhone Developer";
				COPY_PHASE_STRIP = NO;
				DEBUG_INFORMATION_FORMAT = "dwarf-with-dsym";
				ENABLE_STRICT_OBJC_MSGSEND = YES;
				ENABLE_TESTABILITY = YES;
				GCC_C_LANGUAGE_STANDARD = gnu99;
				GCC_DYNAMIC_NO_PIC = NO;
				GCC_NO_COMMON_BLOCKS = YES;
				GCC_OPTIMIZATION_LEVEL = 0;
				GCC_PREPROCESSOR_DEFINITIONS = (
					"DEBUG=1",
					"$(inherited)",
				);
				GCC_WARN_64_TO_32_BIT_CONVERSION = YES;
				GCC_WARN_ABOUT_RETURN_TYPE = YES_ERROR;
				GCC_WARN_UNDECLARED_SELECTOR = YES;
				GCC_WARN_UNINITIALIZED_AUTOS = YES_AGGRESSIVE;
				GCC_WARN_UNUSED_FUNCTION = YES;
				GCC_WARN_UNUSED_VARIABLE = YES;
				IPHONEOS_DEPLOYMENT_TARGET = 9.3;
				MTL_ENABLE_DEBUG_INFO = YES;
				ONLY_ACTIVE_ARCH = YES;
				SDKROOT = iphoneos;
				SWIFT_OPTIMIZATION_LEVEL = "-Onone";
				TARGETED_DEVICE_FAMILY = "1,2";
			};
			name = Debug;
		};
		9E0F7AFC1CD614E600957DA5 /* Release */ = {
			isa = XCBuildConfiguration;
			buildSettings = {
				ALWAYS_SEARCH_USER_PATHS = NO;
				CLANG_ANALYZER_NONNULL = YES;
				CLANG_CXX_LANGUAGE_STANDARD = "gnu++0x";
				CLANG_CXX_LIBRARY = "libc++";
				CLANG_ENABLE_MODULES = YES;
				CLANG_ENABLE_OBJC_ARC = YES;
				CLANG_WARN_BOOL_CONVERSION = YES;
				CLANG_WARN_CONSTANT_CONVERSION = YES;
				CLANG_WARN_DIRECT_OBJC_ISA_USAGE = YES_ERROR;
				CLANG_WARN_EMPTY_BODY = YES;
				CLANG_WARN_ENUM_CONVERSION = YES;
				CLANG_WARN_INT_CONVERSION = YES;
				CLANG_WARN_OBJC_ROOT_CLASS = YES_ERROR;
				CLANG_WARN_UNREACHABLE_CODE = YES;
				CLANG_WARN__DUPLICATE_METHOD_MATCH = YES;
				"CODE_SIGN_IDENTITY[sdk=iphoneos*]" = "iPhone Developer";
				COPY_PHASE_STRIP = NO;
				DEBUG_INFORMATION_FORMAT = "dwarf-with-dsym";
				ENABLE_NS_ASSERTIONS = NO;
				ENABLE_STRICT_OBJC_MSGSEND = YES;
				GCC_C_LANGUAGE_STANDARD = gnu99;
				GCC_NO_COMMON_BLOCKS = YES;
				GCC_WARN_64_TO_32_BIT_CONVERSION = YES;
				GCC_WARN_ABOUT_RETURN_TYPE = YES_ERROR;
				GCC_WARN_UNDECLARED_SELECTOR = YES;
				GCC_WARN_UNINITIALIZED_AUTOS = YES_AGGRESSIVE;
				GCC_WARN_UNUSED_FUNCTION = YES;
				GCC_WARN_UNUSED_VARIABLE = YES;
				IPHONEOS_DEPLOYMENT_TARGET = 9.3;
				MTL_ENABLE_DEBUG_INFO = NO;
				SDKROOT = iphoneos;
				TARGETED_DEVICE_FAMILY = "1,2";
				VALIDATE_PRODUCT = YES;
			};
			name = Release;
		};
		9E0F7AFE1CD614E600957DA5 /* Debug */ = {
			isa = XCBuildConfiguration;
			buildSettings = {
				ASSETCATALOG_COMPILER_APPICON_NAME = AppIcon;
				INFOPLIST_FILE = Pulse/Info.plist;
				LD_RUNPATH_SEARCH_PATHS = "$(inherited) @executable_path/Frameworks";
				PRODUCT_BUNDLE_IDENTIFIER = no.michaelevensen.Pulse;
				PRODUCT_NAME = "$(TARGET_NAME)";
			};
			name = Debug;
		};
		9E0F7AFF1CD614E600957DA5 /* Release */ = {
			isa = XCBuildConfiguration;
			buildSettings = {
				ASSETCATALOG_COMPILER_APPICON_NAME = AppIcon;
				INFOPLIST_FILE = Pulse/Info.plist;
				LD_RUNPATH_SEARCH_PATHS = "$(inherited) @executable_path/Frameworks";
				PRODUCT_BUNDLE_IDENTIFIER = no.michaelevensen.Pulse;
				PRODUCT_NAME = "$(TARGET_NAME)";
			};
			name = Release;
		};
		9E0F7B011CD614E600957DA5 /* Debug */ = {
			isa = XCBuildConfiguration;
			buildSettings = {
				BUNDLE_LOADER = "$(TEST_HOST)";
				DEBUG_INFORMATION_FORMAT = dwarf;
				INFOPLIST_FILE = PulseTests/Info.plist;
				LD_RUNPATH_SEARCH_PATHS = "$(inherited) @executable_path/Frameworks @loader_path/Frameworks";
				PRODUCT_BUNDLE_IDENTIFIER = no.michaelevensen.PulseTests;
				PRODUCT_NAME = "$(TARGET_NAME)";
				TEST_HOST = "$(BUILT_PRODUCTS_DIR)/Pulse.app/Pulse";
			};
			name = Debug;
		};
		9E0F7B021CD614E600957DA5 /* Release */ = {
			isa = XCBuildConfiguration;
			buildSettings = {
				BUNDLE_LOADER = "$(TEST_HOST)";
				INFOPLIST_FILE = PulseTests/Info.plist;
				LD_RUNPATH_SEARCH_PATHS = "$(inherited) @executable_path/Frameworks @loader_path/Frameworks";
				PRODUCT_BUNDLE_IDENTIFIER = no.michaelevensen.PulseTests;
				PRODUCT_NAME = "$(TARGET_NAME)";
				TEST_HOST = "$(BUILT_PRODUCTS_DIR)/Pulse.app/Pulse";
			};
			name = Release;
		};
		9E0F7B041CD614E600957DA5 /* Debug */ = {
			isa = XCBuildConfiguration;
			buildSettings = {
				DEBUG_INFORMATION_FORMAT = dwarf;
				INFOPLIST_FILE = PulseUITests/Info.plist;
				LD_RUNPATH_SEARCH_PATHS = "$(inherited) @executable_path/Frameworks @loader_path/Frameworks";
				PRODUCT_BUNDLE_IDENTIFIER = no.michaelevensen.PulseUITests;
				PRODUCT_NAME = "$(TARGET_NAME)";
				TEST_TARGET_NAME = Pulse;
			};
			name = Debug;
		};
		9E0F7B051CD614E600957DA5 /* Release */ = {
			isa = XCBuildConfiguration;
			buildSettings = {
				INFOPLIST_FILE = PulseUITests/Info.plist;
				LD_RUNPATH_SEARCH_PATHS = "$(inherited) @executable_path/Frameworks @loader_path/Frameworks";
				PRODUCT_BUNDLE_IDENTIFIER = no.michaelevensen.PulseUITests;
				PRODUCT_NAME = "$(TARGET_NAME)";
				TEST_TARGET_NAME = Pulse;
			};
			name = Release;
		};
/* End XCBuildConfiguration section */

/* Begin XCConfigurationList section */
		9E0F7ACC1CD614E600957DA5 /* Build configuration list for PBXProject "Pulse" */ = {
			isa = XCConfigurationList;
			buildConfigurations = (
				9E0F7AFB1CD614E600957DA5 /* Debug */,
				9E0F7AFC1CD614E600957DA5 /* Release */,
			);
			defaultConfigurationIsVisible = 0;
			defaultConfigurationName = Release;
		};
		9E0F7AFD1CD614E600957DA5 /* Build configuration list for PBXNativeTarget "Pulse" */ = {
			isa = XCConfigurationList;
			buildConfigurations = (
				9E0F7AFE1CD614E600957DA5 /* Debug */,
				9E0F7AFF1CD614E600957DA5 /* Release */,
			);
			defaultConfigurationIsVisible = 0;
		};
		9E0F7B001CD614E600957DA5 /* Build configuration list for PBXNativeTarget "PulseTests" */ = {
			isa = XCConfigurationList;
			buildConfigurations = (
				9E0F7B011CD614E600957DA5 /* Debug */,
				9E0F7B021CD614E600957DA5 /* Release */,
			);
			defaultConfigurationIsVisible = 0;
		};
		9E0F7B031CD614E600957DA5 /* Build configuration list for PBXNativeTarget "PulseUITests" */ = {
			isa = XCConfigurationList;
			buildConfigurations = (
				9E0F7B041CD614E600957DA5 /* Debug */,
				9E0F7B051CD614E600957DA5 /* Release */,
			);
			defaultConfigurationIsVisible = 0;
		};
/* End XCConfigurationList section */
	};
	rootObject = 9E0F7AC91CD614E600957DA5 /* Project object */;
}
